{
  "name": "js13kgames-parcel-starter",
  "version": "1.0.0",
  "lockfileVersion": 1,
  "requires": true,
  "dependencies": {
    "kontra": {
      "version": "7.1.3",
      "resolved": "https://registry.npmjs.org/kontra/-/kontra-7.1.3.tgz",
      "integrity": "sha512-WrjFRVS1wlrxqVfXU2o2JV2c4Ga0AXcQf3HhWhgW4D16GrAwm2LsLx5fOrn8vXpA9hsGeeccGcpY3RsmFAte4w=="
    }
  }
}
